
Microsoft Visual Studio Solution File, Format Version 12.00
# Visual Studio Version 17
VisualStudioVersion = 17.9.34723.18
MinimumVisualStudioVersion = 10.0.40219.1
Project("{8BC9CEB8-8B4A-11D0-8D11-00A0C91BC942}") = "BigBank", "BigBank\BigBank.vcxproj", "{58437BED-4F49-4011-9C5B-1FFB872AE7B1}"
EndProject
Global
	GlobalSection(SolutionConfigurationPlatforms) = preSolution
		Debug|x64 = Debug|x64
		Debug|x86 = Debug|x86
		Release|x64 = Release|x64
		Release|x86 = Release|x86
	EndGlobalSection
	GlobalSection(ProjectConfigurationPlatforms) = postSolution
		{58437BED-4F49-4011-9C5B-1FFB872AE7B1}.Debug|x64.ActiveCfg = Debug|x64
		{58437BED-4F49-4011-9C5B-1FFB872AE7B1}.Debug|x64.Build.0 = Debug|x64
		{58437BED-4F49-4011-9C5B-1FFB872AE7B1}.Debug|x86.ActiveCfg = Debug|Win32
		{58437BED-4F49-4011-9C5B-1FFB872AE7B1}.Debug|x86.Build.0 = Debug|Win32
		{58437BED-4F49-4011-9C5B-1FFB872AE7B1}.Release|x64.ActiveCfg = Release|x64
		{58437BED-4F49-4011-9C5B-1FFB872AE7B1}.Release|x64.Build.0 = Release|x64
		{58437BED-4F49-4011-9C5B-1FFB872AE7B1}.Release|x86.ActiveCfg = Release|Win32
		{58437BED-4F49-4011-9C5B-1FFB872AE7B1}.Release|x86.Build.0 = Release|Win32
	EndGlobalSection
	GlobalSection(SolutionProperties) = preSolution
		HideSolutionNode = FALSE
	EndGlobalSection
	GlobalSection(ExtensibilityGlobals) = postSolution
		SolutionGuid = {E517D3E5-3875-4810-8998-6E96E9337169}
	EndGlobalSection
EndGlobal
